{
  "nodes": {
    "emacs-ci": {
      "inputs": {
        "flake-utils": [
          "flake-utils"
        ],
        "nixpkgs": [
          "nixpkgs"
        ],
        "pre-commit-hooks": "pre-commit-hooks"
      },
      "locked": {
        "lastModified": 1634360549,
        "narHash": "sha256-btpiS0u4+C4utuSWEuUlzOLSWOjAgljNpCkRI+GAozI=",
        "owner": "akirak",
        "repo": "nix-emacs-ci",
        "rev": "a15e5acfe26aa22eeb7dd15c5aedef5de0625dfd",
        "type": "github"
      },
      "original": {
        "owner": "akirak",
        "ref": "add-flake",
        "repo": "nix-emacs-ci",
        "type": "github"
      }
    },
    "flake-utils": {
      "locked": {
        "lastModified": 1637014545,
        "narHash": "sha256-26IZAc5yzlD9FlDT54io1oqG/bBoyka+FJk5guaX4x4=",
        "owner": "numtide",
        "repo": "flake-utils",
        "rev": "bba5dcc8e0b20ab664967ad83d24d64cb64ec4f4",
        "type": "github"
      },
      "original": {
        "owner": "numtide",
        "repo": "flake-utils",
        "type": "github"
      }
    },
    "nixpkgs": {
      "locked": {
        "lastModified": 1637583886,
        "narHash": "sha256-4Jp1pbjFZk9THNf9STnODG/Oo3f8BvSdahEweIBwNGQ=",
        "owner": "NixOS",
        "repo": "nixpkgs",
        "rev": "92b26546054776d5a383d2a3a04fe0a98f90c20d",
        "type": "github"
      },
      "original": {
        "id": "nixpkgs",
        "type": "indirect"
      }
    },
    "pre-commit-hooks": {
      "inputs": {
        "flake-utils": [
          "emacs-ci",
          "flake-utils"
        ],
        "nixpkgs": [
          "emacs-ci",
          "nixpkgs"
        ]
      },
      "locked": {
        "lastModified": 1631170176,
        "narHash": "sha256-RLN/kur2Kpxt0cJp0Fms8ixuGpT8IHX0OpeQ8u8f0X4=",
        "owner": "cachix",
        "repo": "pre-commit-hooks.nix",
        "rev": "3ed0e618cebc1ff291c27b749cf7568959cac028",
        "type": "github"
      },
      "original": {
        "owner": "cachix",
        "repo": "pre-commit-hooks.nix",
        "type": "github"
      }
    },
    "root": {
      "inputs": {
        "emacs-ci": "emacs-ci",
        "flake-utils": "flake-utils",
        "nixpkgs": "nixpkgs"
      }
    }
  },
  "root": "root",
  "version": 7
}
